<?xml version="1.0" encoding="utf-8"?>
<Project ToolsVersion="16.0" xmlns="http://schemas.microsoft.com/developer/msbuild/2003">
  <ItemGroup>
    <ClCompile Include="C:\Development\C++\RogueLite\llvm-8.0.0.src\lib\LTO\Caching.cpp">
      <Filter>Source Files</Filter>
    </ClCompile>
    <ClCompile Include="C:\Development\C++\RogueLite\llvm-8.0.0.src\lib\LTO\LTO.cpp">
      <Filter>Source Files</Filter>
    </ClCompile>
    <ClCompile Include="C:\Development\C++\RogueLite\llvm-8.0.0.src\lib\LTO\LTOBackend.cpp">
      <Filter>Source Files</Filter>
    </ClCompile>
    <ClCompile Include="C:\Development\C++\RogueLite\llvm-8.0.0.src\lib\LTO\LTOModule.cpp">
      <Filter>Source Files</Filter>
    </ClCompile>
    <ClCompile Include="C:\Development\C++\RogueLite\llvm-8.0.0.src\lib\LTO\LTOCodeGenerator.cpp">
      <Filter>Source Files</Filter>
    </ClCompile>
    <ClCompile Include="C:\Development\C++\RogueLite\llvm-8.0.0.src\lib\LTO\SummaryBasedOptimizations.cpp">
      <Filter>Source Files</Filter>
    </ClCompile>
    <ClCompile Include="C:\Development\C++\RogueLite\llvm-8.0.0.src\lib\LTO\UpdateCompilerUsed.cpp">
      <Filter>Source Files</Filter>
    </ClCompile>
    <ClCompile Include="C:\Development\C++\RogueLite\llvm-8.0.0.src\lib\LTO\ThinLTOCodeGenerator.cpp">
      <Filter>Source Files</Filter>
    </ClCompile>
  </ItemGroup>
  <ItemGroup>
    <ClInclude Include="C:\Development\C++\RogueLite\llvm-8.0.0.src\include\llvm\LTO\Caching.h">
      <Filter>Header Files</Filter>
    </ClInclude>
    <ClInclude Include="C:\Development\C++\RogueLite\llvm-8.0.0.src\include\llvm\LTO\Config.h">
      <Filter>Header Files</Filter>
    </ClInclude>
    <ClInclude Include="C:\Development\C++\RogueLite\llvm-8.0.0.src\include\llvm\LTO\LTO.h">
      <Filter>Header Files</Filter>
    </ClInclude>
    <ClInclude Include="C:\Development\C++\RogueLite\llvm-8.0.0.src\include\llvm\LTO\LTOBackend.h">
      <Filter>Header Files</Filter>
    </ClInclude>
    <ClInclude Include="C:\Development\C++\RogueLite\llvm-8.0.0.src\include\llvm\LTO\SummaryBasedOptimizations.h">
      <Filter>Header Files</Filter>
    </ClInclude>
  </ItemGroup>
  <ItemGroup>
    <CustomBuild Include="C:\Development\C++\RogueLite\llvm-8.0.0.src\lib\LTO\CMakeLists.txt" />
  </ItemGroup>
  <ItemGroup>
    <Filter Include="Header Files">
      <UniqueIdentifier>{5C0E4F95-0330-331B-AB3E-4F132B1C8D1F}</UniqueIdentifier>
    </Filter>
    <Filter Include="Source Files">
      <UniqueIdentifier>{ED204D02-C785-338D-AC83-7B99B80DA84E}</UniqueIdentifier>
    </Filter>
  </ItemGroup>
</Project>
