<?xml version="1.0" encoding="utf-8"?>
<Project ToolsVersion="16.0" xmlns="http://schemas.microsoft.com/developer/msbuild/2003">
  <ItemGroup>
    <ClCompile Include="C:\Development\C++\RogueLite\llvm-8.0.0.src\lib\ProfileData\GCOV.cpp">
      <Filter>Source Files</Filter>
    </ClCompile>
    <ClCompile Include="C:\Development\C++\RogueLite\llvm-8.0.0.src\lib\ProfileData\InstrProf.cpp">
      <Filter>Source Files</Filter>
    </ClCompile>
    <ClCompile Include="C:\Development\C++\RogueLite\llvm-8.0.0.src\lib\ProfileData\InstrProfReader.cpp">
      <Filter>Source Files</Filter>
    </ClCompile>
    <ClCompile Include="C:\Development\C++\RogueLite\llvm-8.0.0.src\lib\ProfileData\InstrProfWriter.cpp">
      <Filter>Source Files</Filter>
    </ClCompile>
    <ClCompile Include="C:\Development\C++\RogueLite\llvm-8.0.0.src\lib\ProfileData\ProfileSummaryBuilder.cpp">
      <Filter>Source Files</Filter>
    </ClCompile>
    <ClCompile Include="C:\Development\C++\RogueLite\llvm-8.0.0.src\lib\ProfileData\SampleProf.cpp">
      <Filter>Source Files</Filter>
    </ClCompile>
    <ClCompile Include="C:\Development\C++\RogueLite\llvm-8.0.0.src\lib\ProfileData\SampleProfReader.cpp">
      <Filter>Source Files</Filter>
    </ClCompile>
    <ClCompile Include="C:\Development\C++\RogueLite\llvm-8.0.0.src\lib\ProfileData\SampleProfWriter.cpp">
      <Filter>Source Files</Filter>
    </ClCompile>
  </ItemGroup>
  <ItemGroup>
    <ClInclude Include="C:\Development\C++\RogueLite\llvm-8.0.0.src\include\llvm\ProfileData\GCOV.h">
      <Filter>Header Files</Filter>
    </ClInclude>
    <ClInclude Include="C:\Development\C++\RogueLite\llvm-8.0.0.src\include\llvm\ProfileData\InstrProf.h">
      <Filter>Header Files</Filter>
    </ClInclude>
    <ClInclude Include="C:\Development\C++\RogueLite\llvm-8.0.0.src\include\llvm\ProfileData\InstrProfReader.h">
      <Filter>Header Files</Filter>
    </ClInclude>
    <ClInclude Include="C:\Development\C++\RogueLite\llvm-8.0.0.src\include\llvm\ProfileData\InstrProfWriter.h">
      <Filter>Header Files</Filter>
    </ClInclude>
    <ClInclude Include="C:\Development\C++\RogueLite\llvm-8.0.0.src\include\llvm\ProfileData\ProfileCommon.h">
      <Filter>Header Files</Filter>
    </ClInclude>
    <ClInclude Include="C:\Development\C++\RogueLite\llvm-8.0.0.src\include\llvm\ProfileData\SampleProf.h">
      <Filter>Header Files</Filter>
    </ClInclude>
    <ClInclude Include="C:\Development\C++\RogueLite\llvm-8.0.0.src\include\llvm\ProfileData\SampleProfReader.h">
      <Filter>Header Files</Filter>
    </ClInclude>
    <ClInclude Include="C:\Development\C++\RogueLite\llvm-8.0.0.src\include\llvm\ProfileData\SampleProfWriter.h">
      <Filter>Header Files</Filter>
    </ClInclude>
    <ClInclude Include="C:\Development\C++\RogueLite\llvm-8.0.0.src\include\llvm\ProfileData\InstrProfData.inc" />
  </ItemGroup>
  <ItemGroup>
    <CustomBuild Include="C:\Development\C++\RogueLite\llvm-8.0.0.src\lib\ProfileData\CMakeLists.txt" />
  </ItemGroup>
  <ItemGroup>
    <Filter Include="Header Files">
      <UniqueIdentifier>{5C0E4F95-0330-331B-AB3E-4F132B1C8D1F}</UniqueIdentifier>
    </Filter>
    <Filter Include="Source Files">
      <UniqueIdentifier>{ED204D02-C785-338D-AC83-7B99B80DA84E}</UniqueIdentifier>
    </Filter>
  </ItemGroup>
</Project>
