
Microsoft Visual Studio Solution File, Format Version 12.00
# Visual Studio Version 16
VisualStudioVersion = 16.0.28729.10
MinimumVisualStudioVersion = 10.0.40219.1
Project("{8BC9CEB8-8B4A-11D0-8D11-00A0C91BC942}") = "RogueLite", "RogueLite\RogueLite.vcxproj", "{25377E4B-70B3-4A98-A274-FFF938A610FF}"
EndProject
Project("{8BC9CEB8-8B4A-11D0-8D11-00A0C91BC942}") = "Rendering", "Rendering\Rendering.vcxproj", "{AD9BD803-5E27-46A4-87A3-34F51429EB1D}"
EndProject
Global
	GlobalSection(SolutionConfigurationPlatforms) = preSolution
		Debug|x64 = Debug|x64
		Debug|x86 = Debug|x86
		Release|x64 = Release|x64
		Release|x86 = Release|x86
	EndGlobalSection
	GlobalSection(ProjectConfigurationPlatforms) = postSolution
		{25377E4B-70B3-4A98-A274-FFF938A610FF}.Debug|x64.ActiveCfg = Debug|x64
		{25377E4B-70B3-4A98-A274-FFF938A610FF}.Debug|x64.Build.0 = Debug|x64
		{25377E4B-70B3-4A98-A274-FFF938A610FF}.Debug|x86.ActiveCfg = Debug|Win32
		{25377E4B-70B3-4A98-A274-FFF938A610FF}.Debug|x86.Build.0 = Debug|Win32
		{25377E4B-70B3-4A98-A274-FFF938A610FF}.Release|x64.ActiveCfg = Release|x64
		{25377E4B-70B3-4A98-A274-FFF938A610FF}.Release|x64.Build.0 = Release|x64
		{25377E4B-70B3-4A98-A274-FFF938A610FF}.Release|x86.ActiveCfg = Release|Win32
		{25377E4B-70B3-4A98-A274-FFF938A610FF}.Release|x86.Build.0 = Release|Win32
		{AD9BD803-5E27-46A4-87A3-34F51429EB1D}.Debug|x64.ActiveCfg = Debug|x64
		{AD9BD803-5E27-46A4-87A3-34F51429EB1D}.Debug|x64.Build.0 = Debug|x64
		{AD9BD803-5E27-46A4-87A3-34F51429EB1D}.Debug|x86.ActiveCfg = Debug|Win32
		{AD9BD803-5E27-46A4-87A3-34F51429EB1D}.Debug|x86.Build.0 = Debug|Win32
		{AD9BD803-5E27-46A4-87A3-34F51429EB1D}.Release|x64.ActiveCfg = Release|x64
		{AD9BD803-5E27-46A4-87A3-34F51429EB1D}.Release|x64.Build.0 = Release|x64
		{AD9BD803-5E27-46A4-87A3-34F51429EB1D}.Release|x86.ActiveCfg = Release|Win32
		{AD9BD803-5E27-46A4-87A3-34F51429EB1D}.Release|x86.Build.0 = Release|Win32
	EndGlobalSection
	GlobalSection(SolutionProperties) = preSolution
		HideSolutionNode = FALSE
	EndGlobalSection
	GlobalSection(ExtensibilityGlobals) = postSolution
		SolutionGuid = {7121CEB9-3BDF-401D-A3E3-21E71F0C7692}
	EndGlobalSection
EndGlobal
