<?xml version="1.0" encoding="utf-8"?>
<Project ToolsVersion="16.0" xmlns="http://schemas.microsoft.com/developer/msbuild/2003">
  <ItemGroup>
    <ClCompile Include="C:\Development\C++\RogueLite\llvm-8.0.0.src\lib\ExecutionEngine\Orc\CompileOnDemandLayer.cpp">
      <Filter>Source Files</Filter>
    </ClCompile>
    <ClCompile Include="C:\Development\C++\RogueLite\llvm-8.0.0.src\lib\ExecutionEngine\Orc\Core.cpp">
      <Filter>Source Files</Filter>
    </ClCompile>
    <ClCompile Include="C:\Development\C++\RogueLite\llvm-8.0.0.src\lib\ExecutionEngine\Orc\ExecutionUtils.cpp">
      <Filter>Source Files</Filter>
    </ClCompile>
    <ClCompile Include="C:\Development\C++\RogueLite\llvm-8.0.0.src\lib\ExecutionEngine\Orc\IndirectionUtils.cpp">
      <Filter>Source Files</Filter>
    </ClCompile>
    <ClCompile Include="C:\Development\C++\RogueLite\llvm-8.0.0.src\lib\ExecutionEngine\Orc\IRCompileLayer.cpp">
      <Filter>Source Files</Filter>
    </ClCompile>
    <ClCompile Include="C:\Development\C++\RogueLite\llvm-8.0.0.src\lib\ExecutionEngine\Orc\IRTransformLayer.cpp">
      <Filter>Source Files</Filter>
    </ClCompile>
    <ClCompile Include="C:\Development\C++\RogueLite\llvm-8.0.0.src\lib\ExecutionEngine\Orc\JITTargetMachineBuilder.cpp">
      <Filter>Source Files</Filter>
    </ClCompile>
    <ClCompile Include="C:\Development\C++\RogueLite\llvm-8.0.0.src\lib\ExecutionEngine\Orc\LazyReexports.cpp">
      <Filter>Source Files</Filter>
    </ClCompile>
    <ClCompile Include="C:\Development\C++\RogueLite\llvm-8.0.0.src\lib\ExecutionEngine\Orc\Legacy.cpp">
      <Filter>Source Files</Filter>
    </ClCompile>
    <ClCompile Include="C:\Development\C++\RogueLite\llvm-8.0.0.src\lib\ExecutionEngine\Orc\Layer.cpp">
      <Filter>Source Files</Filter>
    </ClCompile>
    <ClCompile Include="C:\Development\C++\RogueLite\llvm-8.0.0.src\lib\ExecutionEngine\Orc\LLJIT.cpp">
      <Filter>Source Files</Filter>
    </ClCompile>
    <ClCompile Include="C:\Development\C++\RogueLite\llvm-8.0.0.src\lib\ExecutionEngine\Orc\NullResolver.cpp">
      <Filter>Source Files</Filter>
    </ClCompile>
    <ClCompile Include="C:\Development\C++\RogueLite\llvm-8.0.0.src\lib\ExecutionEngine\Orc\ObjectTransformLayer.cpp">
      <Filter>Source Files</Filter>
    </ClCompile>
    <ClCompile Include="C:\Development\C++\RogueLite\llvm-8.0.0.src\lib\ExecutionEngine\Orc\OrcABISupport.cpp">
      <Filter>Source Files</Filter>
    </ClCompile>
    <ClCompile Include="C:\Development\C++\RogueLite\llvm-8.0.0.src\lib\ExecutionEngine\Orc\OrcCBindings.cpp">
      <Filter>Source Files</Filter>
    </ClCompile>
    <ClCompile Include="C:\Development\C++\RogueLite\llvm-8.0.0.src\lib\ExecutionEngine\Orc\OrcError.cpp">
      <Filter>Source Files</Filter>
    </ClCompile>
    <ClCompile Include="C:\Development\C++\RogueLite\llvm-8.0.0.src\lib\ExecutionEngine\Orc\OrcMCJITReplacement.cpp">
      <Filter>Source Files</Filter>
    </ClCompile>
    <ClCompile Include="C:\Development\C++\RogueLite\llvm-8.0.0.src\lib\ExecutionEngine\Orc\RPCUtils.cpp">
      <Filter>Source Files</Filter>
    </ClCompile>
    <ClCompile Include="C:\Development\C++\RogueLite\llvm-8.0.0.src\lib\ExecutionEngine\Orc\RTDyldObjectLinkingLayer.cpp">
      <Filter>Source Files</Filter>
    </ClCompile>
    <ClCompile Include="C:\Development\C++\RogueLite\llvm-8.0.0.src\lib\ExecutionEngine\Orc\ThreadSafeModule.cpp">
      <Filter>Source Files</Filter>
    </ClCompile>
  </ItemGroup>
  <ItemGroup>
    <ClInclude Include="C:\Development\C++\RogueLite\llvm-8.0.0.src\lib\ExecutionEngine\Orc\OrcCBindingsStack.h">
      <Filter>Header Files</Filter>
    </ClInclude>
    <ClInclude Include="C:\Development\C++\RogueLite\llvm-8.0.0.src\lib\ExecutionEngine\Orc\OrcMCJITReplacement.h">
      <Filter>Header Files</Filter>
    </ClInclude>
    <ClInclude Include="C:\Development\C++\RogueLite\llvm-8.0.0.src\include\llvm\ExecutionEngine\Orc\CompileOnDemandLayer.h">
      <Filter>Header Files</Filter>
    </ClInclude>
    <ClInclude Include="C:\Development\C++\RogueLite\llvm-8.0.0.src\include\llvm\ExecutionEngine\Orc\CompileUtils.h">
      <Filter>Header Files</Filter>
    </ClInclude>
    <ClInclude Include="C:\Development\C++\RogueLite\llvm-8.0.0.src\include\llvm\ExecutionEngine\Orc\Core.h">
      <Filter>Header Files</Filter>
    </ClInclude>
    <ClInclude Include="C:\Development\C++\RogueLite\llvm-8.0.0.src\include\llvm\ExecutionEngine\Orc\ExecutionUtils.h">
      <Filter>Header Files</Filter>
    </ClInclude>
    <ClInclude Include="C:\Development\C++\RogueLite\llvm-8.0.0.src\include\llvm\ExecutionEngine\Orc\GlobalMappingLayer.h">
      <Filter>Header Files</Filter>
    </ClInclude>
    <ClInclude Include="C:\Development\C++\RogueLite\llvm-8.0.0.src\include\llvm\ExecutionEngine\Orc\IRCompileLayer.h">
      <Filter>Header Files</Filter>
    </ClInclude>
    <ClInclude Include="C:\Development\C++\RogueLite\llvm-8.0.0.src\include\llvm\ExecutionEngine\Orc\IRTransformLayer.h">
      <Filter>Header Files</Filter>
    </ClInclude>
    <ClInclude Include="C:\Development\C++\RogueLite\llvm-8.0.0.src\include\llvm\ExecutionEngine\Orc\IndirectionUtils.h">
      <Filter>Header Files</Filter>
    </ClInclude>
    <ClInclude Include="C:\Development\C++\RogueLite\llvm-8.0.0.src\include\llvm\ExecutionEngine\Orc\JITTargetMachineBuilder.h">
      <Filter>Header Files</Filter>
    </ClInclude>
    <ClInclude Include="C:\Development\C++\RogueLite\llvm-8.0.0.src\include\llvm\ExecutionEngine\Orc\LLJIT.h">
      <Filter>Header Files</Filter>
    </ClInclude>
    <ClInclude Include="C:\Development\C++\RogueLite\llvm-8.0.0.src\include\llvm\ExecutionEngine\Orc\LambdaResolver.h">
      <Filter>Header Files</Filter>
    </ClInclude>
    <ClInclude Include="C:\Development\C++\RogueLite\llvm-8.0.0.src\include\llvm\ExecutionEngine\Orc\Layer.h">
      <Filter>Header Files</Filter>
    </ClInclude>
    <ClInclude Include="C:\Development\C++\RogueLite\llvm-8.0.0.src\include\llvm\ExecutionEngine\Orc\LazyEmittingLayer.h">
      <Filter>Header Files</Filter>
    </ClInclude>
    <ClInclude Include="C:\Development\C++\RogueLite\llvm-8.0.0.src\include\llvm\ExecutionEngine\Orc\LazyReexports.h">
      <Filter>Header Files</Filter>
    </ClInclude>
    <ClInclude Include="C:\Development\C++\RogueLite\llvm-8.0.0.src\include\llvm\ExecutionEngine\Orc\Legacy.h">
      <Filter>Header Files</Filter>
    </ClInclude>
    <ClInclude Include="C:\Development\C++\RogueLite\llvm-8.0.0.src\include\llvm\ExecutionEngine\Orc\NullResolver.h">
      <Filter>Header Files</Filter>
    </ClInclude>
    <ClInclude Include="C:\Development\C++\RogueLite\llvm-8.0.0.src\include\llvm\ExecutionEngine\Orc\ObjectTransformLayer.h">
      <Filter>Header Files</Filter>
    </ClInclude>
    <ClInclude Include="C:\Development\C++\RogueLite\llvm-8.0.0.src\include\llvm\ExecutionEngine\Orc\OrcABISupport.h">
      <Filter>Header Files</Filter>
    </ClInclude>
    <ClInclude Include="C:\Development\C++\RogueLite\llvm-8.0.0.src\include\llvm\ExecutionEngine\Orc\OrcError.h">
      <Filter>Header Files</Filter>
    </ClInclude>
    <ClInclude Include="C:\Development\C++\RogueLite\llvm-8.0.0.src\include\llvm\ExecutionEngine\Orc\OrcRemoteTargetClient.h">
      <Filter>Header Files</Filter>
    </ClInclude>
    <ClInclude Include="C:\Development\C++\RogueLite\llvm-8.0.0.src\include\llvm\ExecutionEngine\Orc\OrcRemoteTargetRPCAPI.h">
      <Filter>Header Files</Filter>
    </ClInclude>
    <ClInclude Include="C:\Development\C++\RogueLite\llvm-8.0.0.src\include\llvm\ExecutionEngine\Orc\OrcRemoteTargetServer.h">
      <Filter>Header Files</Filter>
    </ClInclude>
    <ClInclude Include="C:\Development\C++\RogueLite\llvm-8.0.0.src\include\llvm\ExecutionEngine\Orc\RPCSerialization.h">
      <Filter>Header Files</Filter>
    </ClInclude>
    <ClInclude Include="C:\Development\C++\RogueLite\llvm-8.0.0.src\include\llvm\ExecutionEngine\Orc\RPCUtils.h">
      <Filter>Header Files</Filter>
    </ClInclude>
    <ClInclude Include="C:\Development\C++\RogueLite\llvm-8.0.0.src\include\llvm\ExecutionEngine\Orc\RTDyldObjectLinkingLayer.h">
      <Filter>Header Files</Filter>
    </ClInclude>
    <ClInclude Include="C:\Development\C++\RogueLite\llvm-8.0.0.src\include\llvm\ExecutionEngine\Orc\RawByteChannel.h">
      <Filter>Header Files</Filter>
    </ClInclude>
    <ClInclude Include="C:\Development\C++\RogueLite\llvm-8.0.0.src\include\llvm\ExecutionEngine\Orc\RemoteObjectLayer.h">
      <Filter>Header Files</Filter>
    </ClInclude>
    <ClInclude Include="C:\Development\C++\RogueLite\llvm-8.0.0.src\include\llvm\ExecutionEngine\Orc\SymbolStringPool.h">
      <Filter>Header Files</Filter>
    </ClInclude>
    <ClInclude Include="C:\Development\C++\RogueLite\llvm-8.0.0.src\include\llvm\ExecutionEngine\Orc\ThreadSafeModule.h">
      <Filter>Header Files</Filter>
    </ClInclude>
  </ItemGroup>
  <ItemGroup>
    <CustomBuild Include="C:\Development\C++\RogueLite\llvm-8.0.0.src\lib\ExecutionEngine\Orc\CMakeLists.txt" />
  </ItemGroup>
  <ItemGroup>
    <Filter Include="Header Files">
      <UniqueIdentifier>{5C0E4F95-0330-331B-AB3E-4F132B1C8D1F}</UniqueIdentifier>
    </Filter>
    <Filter Include="Source Files">
      <UniqueIdentifier>{ED204D02-C785-338D-AC83-7B99B80DA84E}</UniqueIdentifier>
    </Filter>
  </ItemGroup>
</Project>
