<?xml version="1.0" encoding="utf-8"?>
<Project ToolsVersion="16.0" xmlns="http://schemas.microsoft.com/developer/msbuild/2003">
  <ItemGroup>
    <CustomBuild Include="C:\Development\C++\RogueLite\llvm-8.0.0.src\CMakeFiles\dc4fb8f101b3cbae633feb182fe5b519\INSTALL_force.rule">
      <Filter>CMake Rules</Filter>
    </CustomBuild>
  </ItemGroup>
  <ItemGroup>
    <Filter Include="CMake Rules">
      <UniqueIdentifier>{E092444D-7ADB-301A-8BF6-4C8D2A250A13}</UniqueIdentifier>
    </Filter>
  </ItemGroup>
</Project>
