<?xml version="1.0" encoding="utf-8"?>
<Project ToolsVersion="16.0" xmlns="http://schemas.microsoft.com/developer/msbuild/2003">
  <ItemGroup>
    <ClCompile Include="C:\Development\C++\RogueLite\llvm-8.0.0.src\lib\ObjectYAML\CodeViewYAMLDebugSections.cpp">
      <Filter>Source Files</Filter>
    </ClCompile>
    <ClCompile Include="C:\Development\C++\RogueLite\llvm-8.0.0.src\lib\ObjectYAML\CodeViewYAMLSymbols.cpp">
      <Filter>Source Files</Filter>
    </ClCompile>
    <ClCompile Include="C:\Development\C++\RogueLite\llvm-8.0.0.src\lib\ObjectYAML\CodeViewYAMLTypeHashing.cpp">
      <Filter>Source Files</Filter>
    </ClCompile>
    <ClCompile Include="C:\Development\C++\RogueLite\llvm-8.0.0.src\lib\ObjectYAML\CodeViewYAMLTypes.cpp">
      <Filter>Source Files</Filter>
    </ClCompile>
    <ClCompile Include="C:\Development\C++\RogueLite\llvm-8.0.0.src\lib\ObjectYAML\COFFYAML.cpp">
      <Filter>Source Files</Filter>
    </ClCompile>
    <ClCompile Include="C:\Development\C++\RogueLite\llvm-8.0.0.src\lib\ObjectYAML\DWARFEmitter.cpp">
      <Filter>Source Files</Filter>
    </ClCompile>
    <ClCompile Include="C:\Development\C++\RogueLite\llvm-8.0.0.src\lib\ObjectYAML\DWARFVisitor.cpp">
      <Filter>Source Files</Filter>
    </ClCompile>
    <ClCompile Include="C:\Development\C++\RogueLite\llvm-8.0.0.src\lib\ObjectYAML\DWARFYAML.cpp">
      <Filter>Source Files</Filter>
    </ClCompile>
    <ClCompile Include="C:\Development\C++\RogueLite\llvm-8.0.0.src\lib\ObjectYAML\ELFYAML.cpp">
      <Filter>Source Files</Filter>
    </ClCompile>
    <ClCompile Include="C:\Development\C++\RogueLite\llvm-8.0.0.src\lib\ObjectYAML\MachOYAML.cpp">
      <Filter>Source Files</Filter>
    </ClCompile>
    <ClCompile Include="C:\Development\C++\RogueLite\llvm-8.0.0.src\lib\ObjectYAML\ObjectYAML.cpp">
      <Filter>Source Files</Filter>
    </ClCompile>
    <ClCompile Include="C:\Development\C++\RogueLite\llvm-8.0.0.src\lib\ObjectYAML\WasmYAML.cpp">
      <Filter>Source Files</Filter>
    </ClCompile>
    <ClCompile Include="C:\Development\C++\RogueLite\llvm-8.0.0.src\lib\ObjectYAML\YAML.cpp">
      <Filter>Source Files</Filter>
    </ClCompile>
  </ItemGroup>
  <ItemGroup>
    <ClInclude Include="C:\Development\C++\RogueLite\llvm-8.0.0.src\lib\ObjectYAML\DWARFVisitor.h">
      <Filter>Header Files</Filter>
    </ClInclude>
  </ItemGroup>
  <ItemGroup>
    <CustomBuild Include="C:\Development\C++\RogueLite\llvm-8.0.0.src\lib\ObjectYAML\CMakeLists.txt" />
  </ItemGroup>
  <ItemGroup>
    <Filter Include="Header Files">
      <UniqueIdentifier>{5C0E4F95-0330-331B-AB3E-4F132B1C8D1F}</UniqueIdentifier>
    </Filter>
    <Filter Include="Source Files">
      <UniqueIdentifier>{ED204D02-C785-338D-AC83-7B99B80DA84E}</UniqueIdentifier>
    </Filter>
  </ItemGroup>
</Project>
